
Microsoft Visual Studio Solution File, Format Version 12.00
# Visual Studio 15
VisualStudioVersion = 15.0.25928.0
MinimumVisualStudioVersion = 10.0.40219.1
Project("{FAE04EC0-301F-11D3-BF4B-00C04F79EFBC}") = "Extensibility.WPF", "Extensibility.WPF\Extensibility.WPF.csproj", "{F6231265-1B81-4CEF-ABA1-B7993AA9C855}"
EndProject
Project("{FAE04EC0-301F-11D3-BF4B-00C04F79EFBC}") = "Extensibility.SelfHost.WebAPI", "Extensibility.SelfHost.WebAPI\Extensibility.SelfHost.WebAPI.csproj", "{5DBA2B11-BB6C-40D6-912E-3AA5C6BE8356}"
EndProject
Project("{2150E333-8FDC-42A3-9474-1A3956D46DE8}") = "Extensibility.ApplicationAdapters", "Extensibility.ApplicationAdapters", "{47132CD0-EB1E-47C6-9CB8-FA4D9C349658}"
EndProject
Project("{FAE04EC0-301F-11D3-BF4B-00C04F79EFBC}") = "Extensibility.Common", "Extensibility.Common\Extensibility.Common.csproj", "{33BC1D10-DAFC-4FFE-9A71-3C2E3C297E9A}"
EndProject
Project("{FAE04EC0-301F-11D3-BF4B-00C04F79EFBC}") = "ApplicationAdapter1", "Extensibility.ApplicationAdapters\ApplicationAdapter1\ApplicationAdapter1.csproj", "{A3782771-A140-4DF5-AD16-362769784E0D}"
EndProject
Project("{FAE04EC0-301F-11D3-BF4B-00C04F79EFBC}") = "ApplicationAdapter2", "Extensibility.ApplicationAdapters\ApplicationAdapter2\ApplicationAdapter2.csproj", "{CDE8DE98-9138-48E8-916F-7B9EDE94A5FE}"
EndProject
Project("{FAE04EC0-301F-11D3-BF4B-00C04F79EFBC}") = "ApplicationAdapter3", "Extensibility.ApplicationAdapters\ApplicationAdapter3\ApplicationAdapter3.csproj", "{9B543EF0-4A98-4262-8694-806911C0EEE9}"
EndProject
Global
	GlobalSection(SolutionConfigurationPlatforms) = preSolution
		Debug|Any CPU = Debug|Any CPU
		Release|Any CPU = Release|Any CPU
	EndGlobalSection
	GlobalSection(ProjectConfigurationPlatforms) = postSolution
		{F6231265-1B81-4CEF-ABA1-B7993AA9C855}.Debug|Any CPU.ActiveCfg = Debug|Any CPU
		{F6231265-1B81-4CEF-ABA1-B7993AA9C855}.Debug|Any CPU.Build.0 = Debug|Any CPU
		{F6231265-1B81-4CEF-ABA1-B7993AA9C855}.Release|Any CPU.ActiveCfg = Release|Any CPU
		{F6231265-1B81-4CEF-ABA1-B7993AA9C855}.Release|Any CPU.Build.0 = Release|Any CPU
		{5DBA2B11-BB6C-40D6-912E-3AA5C6BE8356}.Debug|Any CPU.ActiveCfg = Debug|Any CPU
		{5DBA2B11-BB6C-40D6-912E-3AA5C6BE8356}.Debug|Any CPU.Build.0 = Debug|Any CPU
		{5DBA2B11-BB6C-40D6-912E-3AA5C6BE8356}.Release|Any CPU.ActiveCfg = Release|Any CPU
		{5DBA2B11-BB6C-40D6-912E-3AA5C6BE8356}.Release|Any CPU.Build.0 = Release|Any CPU
		{33BC1D10-DAFC-4FFE-9A71-3C2E3C297E9A}.Debug|Any CPU.ActiveCfg = Debug|Any CPU
		{33BC1D10-DAFC-4FFE-9A71-3C2E3C297E9A}.Debug|Any CPU.Build.0 = Debug|Any CPU
		{33BC1D10-DAFC-4FFE-9A71-3C2E3C297E9A}.Release|Any CPU.ActiveCfg = Release|Any CPU
		{33BC1D10-DAFC-4FFE-9A71-3C2E3C297E9A}.Release|Any CPU.Build.0 = Release|Any CPU
		{A3782771-A140-4DF5-AD16-362769784E0D}.Debug|Any CPU.ActiveCfg = Debug|Any CPU
		{A3782771-A140-4DF5-AD16-362769784E0D}.Debug|Any CPU.Build.0 = Debug|Any CPU
		{A3782771-A140-4DF5-AD16-362769784E0D}.Release|Any CPU.ActiveCfg = Release|Any CPU
		{A3782771-A140-4DF5-AD16-362769784E0D}.Release|Any CPU.Build.0 = Release|Any CPU
		{CDE8DE98-9138-48E8-916F-7B9EDE94A5FE}.Debug|Any CPU.ActiveCfg = Debug|Any CPU
		{CDE8DE98-9138-48E8-916F-7B9EDE94A5FE}.Debug|Any CPU.Build.0 = Debug|Any CPU
		{CDE8DE98-9138-48E8-916F-7B9EDE94A5FE}.Release|Any CPU.ActiveCfg = Release|Any CPU
		{CDE8DE98-9138-48E8-916F-7B9EDE94A5FE}.Release|Any CPU.Build.0 = Release|Any CPU
		{9B543EF0-4A98-4262-8694-806911C0EEE9}.Debug|Any CPU.ActiveCfg = Debug|Any CPU
		{9B543EF0-4A98-4262-8694-806911C0EEE9}.Debug|Any CPU.Build.0 = Debug|Any CPU
		{9B543EF0-4A98-4262-8694-806911C0EEE9}.Release|Any CPU.ActiveCfg = Release|Any CPU
		{9B543EF0-4A98-4262-8694-806911C0EEE9}.Release|Any CPU.Build.0 = Release|Any CPU
	EndGlobalSection
	GlobalSection(SolutionProperties) = preSolution
		HideSolutionNode = FALSE
	EndGlobalSection
	GlobalSection(NestedProjects) = preSolution
		{A3782771-A140-4DF5-AD16-362769784E0D} = {47132CD0-EB1E-47C6-9CB8-FA4D9C349658}
		{CDE8DE98-9138-48E8-916F-7B9EDE94A5FE} = {47132CD0-EB1E-47C6-9CB8-FA4D9C349658}
		{9B543EF0-4A98-4262-8694-806911C0EEE9} = {47132CD0-EB1E-47C6-9CB8-FA4D9C349658}
	EndGlobalSection
EndGlobal
